
Microsoft Visual Studio Solution File, Format Version 12.00
# Visual Studio 14
VisualStudioVersion = 14.0.25420.1
MinimumVisualStudioVersion = 10.0.40219.1
Project("{FAE04EC0-301F-11D3-BF4B-00C04F79EFBC}") = "EmployeeLibrary", "EmployeeLibrary\EmployeeLibrary.csproj", "{2E83307A-BD2D-4FB5-99F8-93B0C7F800F5}"
EndProject
Project("{FAE04EC0-301F-11D3-BF4B-00C04F79EFBC}") = "EmployeeLibraryConsoleTest", "EmployeeConsoleTest\EmployeeLibraryConsoleTest.csproj", "{EE2C267D-3C32-47D0-B45B-C1930C675F6D}"
EndProject
Project("{FAE04EC0-301F-11D3-BF4B-00C04F79EFBC}") = "EmployeesWindowsClient", "EmployeesWindowsClient\EmployeesWindowsClient.csproj", "{1796686D-561F-4855-BEEF-69D6D65CF043}"
EndProject
Global
	GlobalSection(SolutionConfigurationPlatforms) = preSolution
		Debug|Any CPU = Debug|Any CPU
		Release|Any CPU = Release|Any CPU
	EndGlobalSection
	GlobalSection(ProjectConfigurationPlatforms) = postSolution
		{2E83307A-BD2D-4FB5-99F8-93B0C7F800F5}.Debug|Any CPU.ActiveCfg = Debug|Any CPU
		{2E83307A-BD2D-4FB5-99F8-93B0C7F800F5}.Debug|Any CPU.Build.0 = Debug|Any CPU
		{2E83307A-BD2D-4FB5-99F8-93B0C7F800F5}.Release|Any CPU.ActiveCfg = Release|Any CPU
		{2E83307A-BD2D-4FB5-99F8-93B0C7F800F5}.Release|Any CPU.Build.0 = Release|Any CPU
		{EE2C267D-3C32-47D0-B45B-C1930C675F6D}.Debug|Any CPU.ActiveCfg = Debug|Any CPU
		{EE2C267D-3C32-47D0-B45B-C1930C675F6D}.Debug|Any CPU.Build.0 = Debug|Any CPU
		{EE2C267D-3C32-47D0-B45B-C1930C675F6D}.Release|Any CPU.ActiveCfg = Release|Any CPU
		{EE2C267D-3C32-47D0-B45B-C1930C675F6D}.Release|Any CPU.Build.0 = Release|Any CPU
		{1796686D-561F-4855-BEEF-69D6D65CF043}.Debug|Any CPU.ActiveCfg = Debug|Any CPU
		{1796686D-561F-4855-BEEF-69D6D65CF043}.Debug|Any CPU.Build.0 = Debug|Any CPU
		{1796686D-561F-4855-BEEF-69D6D65CF043}.Release|Any CPU.ActiveCfg = Release|Any CPU
		{1796686D-561F-4855-BEEF-69D6D65CF043}.Release|Any CPU.Build.0 = Release|Any CPU
	EndGlobalSection
	GlobalSection(SolutionProperties) = preSolution
		HideSolutionNode = FALSE
	EndGlobalSection
EndGlobal
